
Microsoft Visual Studio Solution File, Format Version 12.00
# Visual Studio Version 16
VisualStudioVersion = 16.0.30320.27
MinimumVisualStudioVersion = 10.0.40219.1
Project("{9A19103F-16F7-4668-BE54-9A1E7A4F7556}") = "BlazorApp", "BlazorApp.csproj", "{FD4317DB-2075-4716-9479-855536CDC76D}"
EndProject
Global
	GlobalSection(SolutionConfigurationPlatforms) = preSolution
		Debug|Any CPU = Debug|Any CPU
		Release|Any CPU = Release|Any CPU
	EndGlobalSection
	GlobalSection(ProjectConfigurationPlatforms) = postSolution
		{FD4317DB-2075-4716-9479-855536CDC76D}.Debug|Any CPU.ActiveCfg = Debug|Any CPU
		{FD4317DB-2075-4716-9479-855536CDC76D}.Debug|Any CPU.Build.0 = Debug|Any CPU
		{FD4317DB-2075-4716-9479-855536CDC76D}.Release|Any CPU.ActiveCfg = Release|Any CPU
		{FD4317DB-2075-4716-9479-855536CDC76D}.Release|Any CPU.Build.0 = Release|Any CPU
	EndGlobalSection
	GlobalSection(SolutionProperties) = preSolution
		HideSolutionNode = FALSE
	EndGlobalSection
	GlobalSection(ExtensibilityGlobals) = postSolution
		SolutionGuid = {A556F472-289E-40C5-9F5D-1A11B5218DD7}
	EndGlobalSection
EndGlobal
